
Microsoft Visual Studio Solution File, Format Version 12.00
# Visual Studio 2012
Project("{8BC9CEB8-8B4A-11D0-8D11-00A0C91BC942}") = "AnaFonksiyonaDeğerAktarımı1", "AnaFonksiyonaDeğerAktarımı1\AnaFonksiyonaDeğerAktarımı1.vcxproj", "{D61B913E-621D-44FE-9218-0650C35AC82D}"
EndProject
Global
	GlobalSection(SolutionConfigurationPlatforms) = preSolution
		Debug|Win32 = Debug|Win32
		Release|Win32 = Release|Win32
	EndGlobalSection
	GlobalSection(ProjectConfigurationPlatforms) = postSolution
		{D61B913E-621D-44FE-9218-0650C35AC82D}.Debug|Win32.ActiveCfg = Debug|Win32
		{D61B913E-621D-44FE-9218-0650C35AC82D}.Debug|Win32.Build.0 = Debug|Win32
		{D61B913E-621D-44FE-9218-0650C35AC82D}.Release|Win32.ActiveCfg = Release|Win32
		{D61B913E-621D-44FE-9218-0650C35AC82D}.Release|Win32.Build.0 = Release|Win32
	EndGlobalSection
	GlobalSection(SolutionProperties) = preSolution
		HideSolutionNode = FALSE
	EndGlobalSection
EndGlobal
