
Microsoft Visual Studio Solution File, Format Version 12.00
# Visual Studio 2012
Project("{8BC9CEB8-8B4A-11D0-8D11-00A0C91BC942}") = "Vektörler1", "Vektörler1\Vektörler1.vcxproj", "{616B1E9D-5836-48D9-81BB-CDB9AD3EACB5}"
EndProject
Global
	GlobalSection(SolutionConfigurationPlatforms) = preSolution
		Debug|Win32 = Debug|Win32
		Release|Win32 = Release|Win32
	EndGlobalSection
	GlobalSection(ProjectConfigurationPlatforms) = postSolution
		{616B1E9D-5836-48D9-81BB-CDB9AD3EACB5}.Debug|Win32.ActiveCfg = Debug|Win32
		{616B1E9D-5836-48D9-81BB-CDB9AD3EACB5}.Debug|Win32.Build.0 = Debug|Win32
		{616B1E9D-5836-48D9-81BB-CDB9AD3EACB5}.Release|Win32.ActiveCfg = Release|Win32
		{616B1E9D-5836-48D9-81BB-CDB9AD3EACB5}.Release|Win32.Build.0 = Release|Win32
	EndGlobalSection
	GlobalSection(SolutionProperties) = preSolution
		HideSolutionNode = FALSE
	EndGlobalSection
EndGlobal
