
Microsoft Visual Studio Solution File, Format Version 12.00
# Visual Studio 2012
Project("{8BC9CEB8-8B4A-11D0-8D11-00A0C91BC942}") = "StructUygulamasi2", "StructUygulamasi2\StructUygulamasi2.vcxproj", "{28B283B6-20A3-4BE6-9456-9C21294E6AA9}"
EndProject
Global
	GlobalSection(SolutionConfigurationPlatforms) = preSolution
		Debug|Win32 = Debug|Win32
		Release|Win32 = Release|Win32
	EndGlobalSection
	GlobalSection(ProjectConfigurationPlatforms) = postSolution
		{28B283B6-20A3-4BE6-9456-9C21294E6AA9}.Debug|Win32.ActiveCfg = Debug|Win32
		{28B283B6-20A3-4BE6-9456-9C21294E6AA9}.Debug|Win32.Build.0 = Debug|Win32
		{28B283B6-20A3-4BE6-9456-9C21294E6AA9}.Release|Win32.ActiveCfg = Release|Win32
		{28B283B6-20A3-4BE6-9456-9C21294E6AA9}.Release|Win32.Build.0 = Release|Win32
	EndGlobalSection
	GlobalSection(SolutionProperties) = preSolution
		HideSolutionNode = FALSE
	EndGlobalSection
EndGlobal
