
Microsoft Visual Studio Solution File, Format Version 12.00
# Visual Studio 2012
Project("{8BC9CEB8-8B4A-11D0-8D11-00A0C91BC942}") = "İşaretçilerÖrnek2", "İşaretçilerÖrnek2\İşaretçilerÖrnek2.vcxproj", "{C012C68B-4925-48DB-B95D-67F7A0A22124}"
EndProject
Global
	GlobalSection(SolutionConfigurationPlatforms) = preSolution
		Debug|Win32 = Debug|Win32
		Release|Win32 = Release|Win32
	EndGlobalSection
	GlobalSection(ProjectConfigurationPlatforms) = postSolution
		{C012C68B-4925-48DB-B95D-67F7A0A22124}.Debug|Win32.ActiveCfg = Debug|Win32
		{C012C68B-4925-48DB-B95D-67F7A0A22124}.Debug|Win32.Build.0 = Debug|Win32
		{C012C68B-4925-48DB-B95D-67F7A0A22124}.Release|Win32.ActiveCfg = Release|Win32
		{C012C68B-4925-48DB-B95D-67F7A0A22124}.Release|Win32.Build.0 = Release|Win32
	EndGlobalSection
	GlobalSection(SolutionProperties) = preSolution
		HideSolutionNode = FALSE
	EndGlobalSection
EndGlobal
