
Microsoft Visual Studio Solution File, Format Version 12.00
# Visual Studio 2012
Project("{8BC9CEB8-8B4A-11D0-8D11-00A0C91BC942}") = "Fonksiyonİşaretçiler", "Fonksiyonİşaretçiler\Fonksiyonİşaretçiler.vcxproj", "{AB7F95FF-D7C1-43C7-925D-AC9DEA9C8FBF}"
EndProject
Global
	GlobalSection(SolutionConfigurationPlatforms) = preSolution
		Debug|Win32 = Debug|Win32
		Release|Win32 = Release|Win32
	EndGlobalSection
	GlobalSection(ProjectConfigurationPlatforms) = postSolution
		{AB7F95FF-D7C1-43C7-925D-AC9DEA9C8FBF}.Debug|Win32.ActiveCfg = Debug|Win32
		{AB7F95FF-D7C1-43C7-925D-AC9DEA9C8FBF}.Debug|Win32.Build.0 = Debug|Win32
		{AB7F95FF-D7C1-43C7-925D-AC9DEA9C8FBF}.Release|Win32.ActiveCfg = Release|Win32
		{AB7F95FF-D7C1-43C7-925D-AC9DEA9C8FBF}.Release|Win32.Build.0 = Release|Win32
	EndGlobalSection
	GlobalSection(SolutionProperties) = preSolution
		HideSolutionNode = FALSE
	EndGlobalSection
EndGlobal
